
Microsoft Visual Studio Solution File, Format Version 12.00
# Visual Studio Version 17
VisualStudioVersion = 17.14.36414.22 d17.14
MinimumVisualStudioVersion = 10.0.40219.1
Project("{8BC9CEB8-8B4A-11D0-8D11-00A0C91BC942}") = "лабаТрэ", "лабаТрэ\лабаТрэ.vcxproj", "{55EDB9C4-56B3-4D2C-8AB9-618887B72F9F}"
EndProject
Global
	GlobalSection(SolutionConfigurationPlatforms) = preSolution
		Debug|x64 = Debug|x64
		Debug|x86 = Debug|x86
		Release|x64 = Release|x64
		Release|x86 = Release|x86
	EndGlobalSection
	GlobalSection(ProjectConfigurationPlatforms) = postSolution
		{55EDB9C4-56B3-4D2C-8AB9-618887B72F9F}.Debug|x64.ActiveCfg = Debug|x64
		{55EDB9C4-56B3-4D2C-8AB9-618887B72F9F}.Debug|x64.Build.0 = Debug|x64
		{55EDB9C4-56B3-4D2C-8AB9-618887B72F9F}.Debug|x86.ActiveCfg = Debug|Win32
		{55EDB9C4-56B3-4D2C-8AB9-618887B72F9F}.Debug|x86.Build.0 = Debug|Win32
		{55EDB9C4-56B3-4D2C-8AB9-618887B72F9F}.Release|x64.ActiveCfg = Release|x64
		{55EDB9C4-56B3-4D2C-8AB9-618887B72F9F}.Release|x64.Build.0 = Release|x64
		{55EDB9C4-56B3-4D2C-8AB9-618887B72F9F}.Release|x86.ActiveCfg = Release|Win32
		{55EDB9C4-56B3-4D2C-8AB9-618887B72F9F}.Release|x86.Build.0 = Release|Win32
	EndGlobalSection
	GlobalSection(SolutionProperties) = preSolution
		HideSolutionNode = FALSE
	EndGlobalSection
	GlobalSection(ExtensibilityGlobals) = postSolution
		SolutionGuid = {4CAA2EA7-2BD5-4D07-8CCE-0E71567E8EC9}
	EndGlobalSection
EndGlobal
